{
  "name": "@fatecannotbealtered/archery-cli",
  "lockfileVersion": 3,
  "requires": true,
  "packages": {
    "": {
      "name": "@fatecannotbealtered/archery-cli",
      "cpu": [
        "x64",
        "arm64"
      ],
      "hasInstallScript": true,
      "license": "MIT",
      "os": [
        "darwin",
        "linux",
        "win32"
      ],
      "bin": {
        "archery": "scripts/run.js",
        "archery-cli": "scripts/run.js"
      },
      "engines": {
        "node": ">=16"
      }
    }
  }
}
